
Microsoft Visual Studio Solution File, Format Version 12.00
# Visual Studio Version 17
VisualStudioVersion = 17.1.32210.238
MinimumVisualStudioVersion = 10.0.40219.1
Project("{FAE04EC0-301F-11D3-BF4B-00C04F79EFBC}") = "HappyPet", "HappyPet\HappyPet.csproj", "{2F3BCAFE-EA49-4533-9CAC-8BE0A8CBDB43}"
EndProject
Global
	GlobalSection(SolutionConfigurationPlatforms) = preSolution
		Debug|Any CPU = Debug|Any CPU
		Release|Any CPU = Release|Any CPU
	EndGlobalSection
	GlobalSection(ProjectConfigurationPlatforms) = postSolution
		{2F3BCAFE-EA49-4533-9CAC-8BE0A8CBDB43}.Debug|Any CPU.ActiveCfg = Debug|Any CPU
		{2F3BCAFE-EA49-4533-9CAC-8BE0A8CBDB43}.Debug|Any CPU.Build.0 = Debug|Any CPU
		{2F3BCAFE-EA49-4533-9CAC-8BE0A8CBDB43}.Release|Any CPU.ActiveCfg = Release|Any CPU
		{2F3BCAFE-EA49-4533-9CAC-8BE0A8CBDB43}.Release|Any CPU.Build.0 = Release|Any CPU
	EndGlobalSection
	GlobalSection(SolutionProperties) = preSolution
		HideSolutionNode = FALSE
	EndGlobalSection
	GlobalSection(ExtensibilityGlobals) = postSolution
		SolutionGuid = {1A7F8D7F-181B-4FD0-BA0B-A44C769975D9}
	EndGlobalSection
EndGlobal
